
Microsoft Visual Studio Solution File, Format Version 12.00
# Visual Studio Version 17
VisualStudioVersion = 17.1.32421.90
MinimumVisualStudioVersion = 10.0.40219.1
Project("{9A19103F-16F7-4668-BE54-9A1E7A4F7556}") = "HighwayControlPoint", "HighwayControlPoint\HighwayControlPoint.csproj", "{2D935367-EE72-4ECE-A7BC-BD97B2E1A7D5}"
EndProject
Project("{54A90642-561A-4BB1-A94E-469ADEE60C69}") = "HighwayCentralControl_Front", "HighwayCentralControl_Front\HighwayCentralControl_Front.esproj", "{FA0C1090-AF77-4399-BDF5-ECC19E0E8B2E}"
EndProject
Project("{9A19103F-16F7-4668-BE54-9A1E7A4F7556}") = "HighwayCentralControl_API", "HighwayCentralControl_API\HighwayCentralControl_API.csproj", "{6E03D5AB-79F1-4064-8DC6-8F3CB205677D}"
EndProject
Project("{9A19103F-16F7-4668-BE54-9A1E7A4F7556}") = "Utils", "Utils\Utils.csproj", "{EADE6691-20C9-41EE-9F3C-F87A23DA7F0B}"
EndProject
Project("{2150E333-8FDC-42A3-9474-1A3956D46DE8}") = "Solution Items", "Solution Items", "{FD05EEFF-A347-4BAB-B894-51F8592EA206}"
	ProjectSection(SolutionItems) = preProject
		CreateDockerContainers.ps1 = CreateDockerContainers.ps1
	EndProjectSection
EndProject
Global
	GlobalSection(SolutionConfigurationPlatforms) = preSolution
		Debug|Any CPU = Debug|Any CPU
		Release|Any CPU = Release|Any CPU
	EndGlobalSection
	GlobalSection(ProjectConfigurationPlatforms) = postSolution
		{2D935367-EE72-4ECE-A7BC-BD97B2E1A7D5}.Debug|Any CPU.ActiveCfg = Debug|Any CPU
		{2D935367-EE72-4ECE-A7BC-BD97B2E1A7D5}.Debug|Any CPU.Build.0 = Debug|Any CPU
		{2D935367-EE72-4ECE-A7BC-BD97B2E1A7D5}.Release|Any CPU.ActiveCfg = Release|Any CPU
		{2D935367-EE72-4ECE-A7BC-BD97B2E1A7D5}.Release|Any CPU.Build.0 = Release|Any CPU
		{FA0C1090-AF77-4399-BDF5-ECC19E0E8B2E}.Debug|Any CPU.ActiveCfg = Debug|Any CPU
		{FA0C1090-AF77-4399-BDF5-ECC19E0E8B2E}.Debug|Any CPU.Build.0 = Debug|Any CPU
		{FA0C1090-AF77-4399-BDF5-ECC19E0E8B2E}.Debug|Any CPU.Deploy.0 = Debug|Any CPU
		{FA0C1090-AF77-4399-BDF5-ECC19E0E8B2E}.Release|Any CPU.ActiveCfg = Release|Any CPU
		{FA0C1090-AF77-4399-BDF5-ECC19E0E8B2E}.Release|Any CPU.Build.0 = Release|Any CPU
		{FA0C1090-AF77-4399-BDF5-ECC19E0E8B2E}.Release|Any CPU.Deploy.0 = Release|Any CPU
		{6E03D5AB-79F1-4064-8DC6-8F3CB205677D}.Debug|Any CPU.ActiveCfg = Debug|Any CPU
		{6E03D5AB-79F1-4064-8DC6-8F3CB205677D}.Debug|Any CPU.Build.0 = Debug|Any CPU
		{6E03D5AB-79F1-4064-8DC6-8F3CB205677D}.Release|Any CPU.ActiveCfg = Release|Any CPU
		{6E03D5AB-79F1-4064-8DC6-8F3CB205677D}.Release|Any CPU.Build.0 = Release|Any CPU
		{EADE6691-20C9-41EE-9F3C-F87A23DA7F0B}.Debug|Any CPU.ActiveCfg = Debug|Any CPU
		{EADE6691-20C9-41EE-9F3C-F87A23DA7F0B}.Debug|Any CPU.Build.0 = Debug|Any CPU
		{EADE6691-20C9-41EE-9F3C-F87A23DA7F0B}.Release|Any CPU.ActiveCfg = Release|Any CPU
		{EADE6691-20C9-41EE-9F3C-F87A23DA7F0B}.Release|Any CPU.Build.0 = Release|Any CPU
	EndGlobalSection
	GlobalSection(SolutionProperties) = preSolution
		HideSolutionNode = FALSE
	EndGlobalSection
	GlobalSection(ExtensibilityGlobals) = postSolution
		SolutionGuid = {007E5DE3-A2CD-404E-B34A-79F2CB0C01FB}
	EndGlobalSection
EndGlobal
